// !$*UTF8*$!
{
	archiveVersion = 1;
	classes = {
	};
	objectVersion = 46;
	objects = {

/* Begin PBXBuildFile section */
		AD8A6BEF1F47A73B00D83841 /* AppDelegate.swift in Sources */ = {isa = PBXBuildFile; fileRef = AD8A6BEE1F47A73B00D83841 /* AppDelegate.swift */; };
		AD8A6BF11F47A73B00D83841 /* ViewController.swift in Sources */ = {isa = PBXBuildFile; fileRef = AD8A6BF01F47A73B00D83841 /* ViewController.swift */; };
		AD8A6BF41F47A73B00D83841 /* Main.storyboard in Resources */ = {isa = PBXBuildFile; fileRef = AD8A6BF21F47A73B00D83841 /* Main.storyboard */; };
		AD8A6BF71F47A73B00D83841 /* Sound_Board.xcdatamodeld in Sources */ = {isa = PBXBuildFile; fileRef = AD8A6BF51F47A73B00D83841 /* Sound_Board.xcdatamodeld */; };
		AD8A6BF91F47A73B00D83841 /* Assets.xcassets in Resources */ = {isa = PBXBuildFile; fileRef = AD8A6BF81F47A73B00D83841 /* Assets.xcassets */; };
		AD8A6BFC1F47A73B00D83841 /* LaunchScreen.storyboard in Resources */ = {isa = PBXBuildFile; fileRef = AD8A6BFA1F47A73B00D83841 /* LaunchScreen.storyboard */; };
		AD8A6C041F47AA6D00D83841 /* SoundViewController.swift in Sources */ = {isa = PBXBuildFile; fileRef = AD8A6C031F47AA6D00D83841 /* SoundViewController.swift */; };
/* End PBXBuildFile section */

/* Begin PBXFileReference section */
		AD8A6BEB1F47A73B00D83841 /* Sound Board.app */ = {isa = PBXFileReference; explicitFileType = wrapper.application; includeInIndex = 0; path = "Sound Board.app"; sourceTree = BUILT_PRODUCTS_DIR; };
		AD8A6BEE1F47A73B00D83841 /* AppDelegate.swift */ = {isa = PBXFileReference; lastKnownFileType = sourcecode.swift; path = AppDelegate.swift; sourceTree = "<group>"; };
		AD8A6BF01F47A73B00D83841 /* ViewController.swift */ = {isa = PBXFileReference; lastKnownFileType = sourcecode.swift; path = ViewController.swift; sourceTree = "<group>"; };
		AD8A6BF31F47A73B00D83841 /* Base */ = {isa = PBXFileReference; lastKnownFileType = file.storyboard; name = Base; path = Base.lproj/Main.storyboard; sourceTree = "<group>"; };
		AD8A6BF61F47A73B00D83841 /* Sound_Board.xcdatamodel */ = {isa = PBXFileReference; lastKnownFileType = wrapper.xcdatamodel; path = Sound_Board.xcdatamodel; sourceTree = "<group>"; };
		AD8A6BF81F47A73B00D83841 /* Assets.xcassets */ = {isa = PBXFileReference; lastKnownFileType = folder.assetcatalog; path = Assets.xcassets; sourceTree = "<group>"; };
		AD8A6BFB1F47A73B00D83841 /* Base */ = {isa = PBXFileReference; lastKnownFileType = file.storyboard; name = Base; path = Base.lproj/LaunchScreen.storyboard; sourceTree = "<group>"; };
		AD8A6BFD1F47A73B00D83841 /* Info.plist */ = {isa = PBXFileReference; lastKnownFileType = text.plist.xml; path = Info.plist; sourceTree = "<group>"; };
		AD8A6C031F47AA6D00D83841 /* SoundViewController.swift */ = {isa = PBXFileReference; fileEncoding = 4; lastKnownFileType = sourcecode.swift; path = SoundViewController.swift; sourceTree = "<group>"; };
/* End PBXFileReference section */

/* Begin PBXFrameworksBuildPhase section */
		AD8A6BE81F47A73B00D83841 /* Frameworks */ = {
			isa = PBXFrameworksBuildPhase;
			buildActionMask = 2147483647;
			files = (
			);
			runOnlyForDeploymentPostprocessing = 0;
		};
/* End PBXFrameworksBuildPhase section */

/* Begin PBXGroup section */
		AD8A6BE21F47A73B00D83841 = {
			isa = PBXGroup;
			children = (
				AD8A6BED1F47A73B00D83841 /* Sound Board */,
				AD8A6BEC1F47A73B00D83841 /* Products */,
			);
			sourceTree = "<group>";
		};
		AD8A6BEC1F47A73B00D83841 /* Products */ = {
			isa = PBXGroup;
			children = (
				AD8A6BEB1F47A73B00D83841 /* Sound Board.app */,
			);
			name = Products;
			sourceTree = "<group>";
		};
		AD8A6BED1F47A73B00D83841 /* Sound Board */ = {
			isa = PBXGroup;
			children = (
				AD8A6BEE1F47A73B00D83841 /* AppDelegate.swift */,
				AD8A6BF01F47A73B00D83841 /* ViewController.swift */,
				AD8A6C031F47AA6D00D83841 /* SoundViewController.swift */,
				AD8A6BF21F47A73B00D83841 /* Main.storyboard */,
				AD8A6BF81F47A73B00D83841 /* Assets.xcassets */,
				AD8A6BFA1F47A73B00D83841 /* LaunchScreen.storyboard */,
				AD8A6BFD1F47A73B00D83841 /* Info.plist */,
				AD8A6BF51F47A73B00D83841 /* Sound_Board.xcdatamodeld */,
			);
			path = "Sound Board";
			sourceTree = "<group>";
		};
/* End PBXGroup section */

/* Begin PBXNativeTarget section */
		AD8A6BEA1F47A73B00D83841 /* Sound Board */ = {
			isa = PBXNativeTarget;
			buildConfigurationList = AD8A6C001F47A73B00D83841 /* Build configuration list for PBXNativeTarget "Sound Board" */;
			buildPhases = (
				AD8A6BE71F47A73B00D83841 /* Sources */,
				AD8A6BE81F47A73B00D83841 /* Frameworks */,
				AD8A6BE91F47A73B00D83841 /* Resources */,
			);
			buildRules = (
			);
			dependencies = (
			);
			name = "Sound Board";
			productName = "Sound Board";
			productReference = AD8A6BEB1F47A73B00D83841 /* Sound Board.app */;
			productType = "com.apple.product-type.application";
		};
/* End PBXNativeTarget section */

/* Begin PBXProject section */
		AD8A6BE31F47A73B00D83841 /* Project object */ = {
			isa = PBXProject;
			attributes = {
				LastSwiftUpdateCheck = 0830;
				LastUpgradeCheck = 0830;
				ORGANIZATIONNAME = "Deborah Graham";
				TargetAttributes = {
					AD8A6BEA1F47A73B00D83841 = {
						CreatedOnToolsVersion = 8.3.3;
						ProvisioningStyle = Automatic;
					};
				};
			};
			buildConfigurationList = AD8A6BE61F47A73B00D83841 /* Build configuration list for PBXProject "Sound Board" */;
			compatibilityVersion = "Xcode 3.2";
			developmentRegion = English;
			hasScannedForEncodings = 0;
			knownRegions = (
				en,
				Base,
			);
			mainGroup = AD8A6BE21F47A73B00D83841;
			productRefGroup = AD8A6BEC1F47A73B00D83841 /* Products */;
			projectDirPath = "";
			projectRoot = "";
			targets = (
				AD8A6BEA1F47A73B00D83841 /* Sound Board */,
			);
		};
/* End PBXProject section */

/* Begin PBXResourcesBuildPhase section */
		AD8A6BE91F47A73B00D83841 /* Resources */ = {
			isa = PBXResourcesBuildPhase;
			buildActionMask = 2147483647;
			files = (
				AD8A6BFC1F47A73B00D83841 /* LaunchScreen.storyboard in Resources */,
				AD8A6BF91F47A73B00D83841 /* Assets.xcassets in Resources */,
				AD8A6BF41F47A73B00D83841 /* Main.storyboard in Resources */,
			);
			runOnlyForDeploymentPostprocessing = 0;
		};
/* End PBXResourcesBuildPhase section */

/* Begin PBXSourcesBuildPhase section */
		AD8A6BE71F47A73B00D83841 /* Sources */ = {
			isa = PBXSourcesBuildPhase;
			buildActionMask = 2147483647;
			files = (
				AD8A6C041F47AA6D00D83841 /* SoundViewController.swift in Sources */,
				AD8A6BF71F47A73B00D83841 /* Sound_Board.xcdatamodeld in Sources */,
				AD8A6BF11F47A73B00D83841 /* ViewController.swift in Sources */,
				AD8A6BEF1F47A73B00D83841 /* AppDelegate.swift in Sources */,
			);
			runOnlyForDeploymentPostprocessing = 0;
		};
/* End PBXSourcesBuildPhase section */

/* Begin PBXVariantGroup section */
		AD8A6BF21F47A73B00D83841 /* Main.storyboard */ = {
			isa = PBXVariantGroup;
			children = (
				AD8A6BF31F47A73B00D83841 /* Base */,
			);
			name = Main.storyboard;
			sourceTree = "<group>";
		};
		AD8A6BFA1F47A73B00D83841 /* LaunchScreen.storyboard */ = {
			isa = PBXVariantGroup;
			children = (
				AD8A6BFB1F47A73B00D83841 /* Base */,
			);
			name = LaunchScreen.storyboard;
			sourceTree = "<group>";
		};
/* End PBXVariantGroup section */

/* Begin XCBuildConfiguration section */
		AD8A6BFE1F47A73B00D83841 /* Debug */ = {
			isa = XCBuildConfiguration;
			buildSettings = {
				ALWAYS_SEARCH_USER_PATHS = NO;
				CLANG_ANALYZER_NONNULL = YES;
				CLANG_ANALYZER_NUMBER_OBJECT_CONVERSION = YES_AGGRESSIVE;
				CLANG_CXX_LANGUAGE_STANDARD = "gnu++0x";
				CLANG_CXX_LIBRARY = "libc++";
				CLANG_ENABLE_MODULES = YES;
				CLANG_ENABLE_OBJC_ARC = YES;
				CLANG_WARN_BOOL_CONVERSION = YES;
				CLANG_WARN_CONSTANT_CONVERSION = YES;
				CLANG_WARN_DIRECT_OBJC_ISA_USAGE = YES_ERROR;
				CLANG_WARN_DOCUMENTATION_COMMENTS = YES;
				CLANG_WARN_EMPTY_BODY = YES;
				CLANG_WARN_ENUM_CONVERSION = YES;
				CLANG_WARN_INFINITE_RECURSION = YES;
				CLANG_WARN_INT_CONVERSION = YES;
				CLANG_WARN_OBJC_ROOT_CLASS = YES_ERROR;
				CLANG_WARN_SUSPICIOUS_MOVE = YES;
				CLANG_WARN_UNREACHABLE_CODE = YES;
				CLANG_WARN__DUPLICATE_METHOD_MATCH = YES;
				"CODE_SIGN_IDENTITY[sdk=iphoneos*]" = "iPhone Developer";
				COPY_PHASE_STRIP = NO;
				DEBUG_INFORMATION_FORMAT = dwarf;
				ENABLE_STRICT_OBJC_MSGSEND = YES;
				ENABLE_TESTABILITY = YES;
				GCC_C_LANGUAGE_STANDARD = gnu99;
				GCC_DYNAMIC_NO_PIC = NO;
				GCC_NO_COMMON_BLOCKS = YES;
				GCC_OPTIMIZATION_LEVEL = 0;
				GCC_PREPROCESSOR_DEFINITIONS = (
					"DEBUG=1",
					"$(inherited)",
				);
				GCC_WARN_64_TO_32_BIT_CONVERSION = YES;
				GCC_WARN_ABOUT_RETURN_TYPE = YES_ERROR;
				GCC_WARN_UNDECLARED_SELECTOR = YES;
				GCC_WARN_UNINITIALIZED_AUTOS = YES_AGGRESSIVE;
				GCC_WARN_UNUSED_FUNCTION = YES;
				GCC_WARN_UNUSED_VARIABLE = YES;
				IPHONEOS_DEPLOYMENT_TARGET = 10.3;
				MTL_ENABLE_DEBUG_INFO = YES;
				ONLY_ACTIVE_ARCH = YES;
				SDKROOT = iphoneos;
				SWIFT_ACTIVE_COMPILATION_CONDITIONS = DEBUG;
				SWIFT_OPTIMIZATION_LEVEL = "-Onone";
				TARGETED_DEVICE_FAMILY = "1,2";
			};
			name = Debug;
		};
		AD8A6BFF1F47A73B00D83841 /* Release */ = {
			isa = XCBuildConfiguration;
			buildSettings = {
				ALWAYS_SEARCH_USER_PATHS = NO;
				CLANG_ANALYZER_NONNULL = YES;
				CLANG_ANALYZER_NUMBER_OBJECT_CONVERSION = YES_AGGRESSIVE;
				CLANG_CXX_LANGUAGE_STANDARD = "gnu++0x";
				CLANG_CXX_LIBRARY = "libc++";
				CLANG_ENABLE_MODULES = YES;
				CLANG_ENABLE_OBJC_ARC = YES;
				CLANG_WARN_BOOL_CONVERSION = YES;
				CLANG_WARN_CONSTANT_CONVERSION = YES;
				CLANG_WARN_DIRECT_OBJC_ISA_USAGE = YES_ERROR;
				CLANG_WARN_DOCUMENTATION_COMMENTS = YES;
				CLANG_WARN_EMPTY_BODY = YES;
				CLANG_WARN_ENUM_CONVERSION = YES;
				CLANG_WARN_INFINITE_RECURSION = YES;
				CLANG_WARN_INT_CONVERSION = YES;
				CLANG_WARN_OBJC_ROOT_CLASS = YES_ERROR;
				CLANG_WARN_SUSPICIOUS_MOVE = YES;
				CLANG_WARN_UNREACHABLE_CODE = YES;
				CLANG_WARN__DUPLICATE_METHOD_MATCH = YES;
				"CODE_SIGN_IDENTITY[sdk=iphoneos*]" = "iPhone Developer";
				COPY_PHASE_STRIP = NO;
				DEBUG_INFORMATION_FORMAT = "dwarf-with-dsym";
				ENABLE_NS_ASSERTIONS = NO;
				ENABLE_STRICT_OBJC_MSGSEND = YES;
				GCC_C_LANGUAGE_STANDARD = gnu99;
				GCC_NO_COMMON_BLOCKS = YES;
				GCC_WARN_64_TO_32_BIT_CONVERSION = YES;
				GCC_WARN_ABOUT_RETURN_TYPE = YES_ERROR;
				GCC_WARN_UNDECLARED_SELECTOR = YES;
				GCC_WARN_UNINITIALIZED_AUTOS = YES_AGGRESSIVE;
				GCC_WARN_UNUSED_FUNCTION = YES;
				GCC_WARN_UNUSED_VARIABLE = YES;
				IPHONEOS_DEPLOYMENT_TARGET = 10.3;
				MTL_ENABLE_DEBUG_INFO = NO;
				SDKROOT = iphoneos;
				SWIFT_OPTIMIZATION_LEVEL = "-Owholemodule";
				TARGETED_DEVICE_FAMILY = "1,2";
				VALIDATE_PRODUCT = YES;
			};
			name = Release;
		};
		AD8A6C011F47A73B00D83841 /* Debug */ = {
			isa = XCBuildConfiguration;
			buildSettings = {
				ASSETCATALOG_COMPILER_APPICON_NAME = AppIcon;
				INFOPLIST_FILE = "Sound Board/Info.plist";
				LD_RUNPATH_SEARCH_PATHS = "$(inherited) @executable_path/Frameworks";
				PRODUCT_BUNDLE_IDENTIFIER = "com.djgCreations.Sound-Board";
				PRODUCT_NAME = "$(TARGET_NAME)";
				SWIFT_VERSION = 3.0;
			};
			name = Debug;
		};
		AD8A6C021F47A73B00D83841 /* Release */ = {
			isa = XCBuildConfiguration;
			buildSettings = {
				ASSETCATALOG_COMPILER_APPICON_NAME = AppIcon;
				INFOPLIST_FILE = "Sound Board/Info.plist";
				LD_RUNPATH_SEARCH_PATHS = "$(inherited) @executable_path/Frameworks";
				PRODUCT_BUNDLE_IDENTIFIER = "com.djgCreations.Sound-Board";
				PRODUCT_NAME = "$(TARGET_NAME)";
				SWIFT_VERSION = 3.0;
			};
			name = Release;
		};
/* End XCBuildConfiguration section */

/* Begin XCConfigurationList section */
		AD8A6BE61F47A73B00D83841 /* Build configuration list for PBXProject "Sound Board" */ = {
			isa = XCConfigurationList;
			buildConfigurations = (
				AD8A6BFE1F47A73B00D83841 /* Debug */,
				AD8A6BFF1F47A73B00D83841 /* Release */,
			);
			defaultConfigurationIsVisible = 0;
			defaultConfigurationName = Release;
		};
		AD8A6C001F47A73B00D83841 /* Build configuration list for PBXNativeTarget "Sound Board" */ = {
			isa = XCConfigurationList;
			buildConfigurations = (
				AD8A6C011F47A73B00D83841 /* Debug */,
				AD8A6C021F47A73B00D83841 /* Release */,
			);
			defaultConfigurationIsVisible = 0;
		};
/* End XCConfigurationList section */

/* Begin XCVersionGroup section */
		AD8A6BF51F47A73B00D83841 /* Sound_Board.xcdatamodeld */ = {
			isa = XCVersionGroup;
			children = (
				AD8A6BF61F47A73B00D83841 /* Sound_Board.xcdatamodel */,
			);
			currentVersion = AD8A6BF61F47A73B00D83841 /* Sound_Board.xcdatamodel */;
			path = Sound_Board.xcdatamodeld;
			sourceTree = "<group>";
			versionGroupType = wrapper.xcdatamodel;
		};
/* End XCVersionGroup section */
	};
	rootObject = AD8A6BE31F47A73B00D83841 /* Project object */;
}
